
Microsoft Visual Studio Solution File, Format Version 12.00
# Visual Studio Version 17
VisualStudioVersion = 17.9.34728.123
MinimumVisualStudioVersion = 10.0.40219.1
Project("{FAE04EC0-301F-11D3-BF4B-00C04F79EFBC}") = "Api.Certification.Infra", "Api.Certification.Issuer\Api.Certification.Infra.csproj", "{2FC9C147-DA2A-4619-B1C9-06B4862EAD7E}"
EndProject
Project("{FAE04EC0-301F-11D3-BF4B-00C04F79EFBC}") = "Api.Certification.AppDomain", "Api.Certification.AppDomain\Api.Certification.AppDomain.csproj", "{AE623690-7B36-4B87-A7B1-8D63C91D6A33}"
EndProject
Global
	GlobalSection(SolutionConfigurationPlatforms) = preSolution
		Debug|Any CPU = Debug|Any CPU
		Release|Any CPU = Release|Any CPU
	EndGlobalSection
	GlobalSection(ProjectConfigurationPlatforms) = postSolution
		{2FC9C147-DA2A-4619-B1C9-06B4862EAD7E}.Debug|Any CPU.ActiveCfg = Debug|Any CPU
		{2FC9C147-DA2A-4619-B1C9-06B4862EAD7E}.Debug|Any CPU.Build.0 = Debug|Any CPU
		{2FC9C147-DA2A-4619-B1C9-06B4862EAD7E}.Release|Any CPU.ActiveCfg = Release|Any CPU
		{2FC9C147-DA2A-4619-B1C9-06B4862EAD7E}.Release|Any CPU.Build.0 = Release|Any CPU
		{AE623690-7B36-4B87-A7B1-8D63C91D6A33}.Debug|Any CPU.ActiveCfg = Debug|Any CPU
		{AE623690-7B36-4B87-A7B1-8D63C91D6A33}.Debug|Any CPU.Build.0 = Debug|Any CPU
		{AE623690-7B36-4B87-A7B1-8D63C91D6A33}.Release|Any CPU.ActiveCfg = Release|Any CPU
		{AE623690-7B36-4B87-A7B1-8D63C91D6A33}.Release|Any CPU.Build.0 = Release|Any CPU
	EndGlobalSection
	GlobalSection(SolutionProperties) = preSolution
		HideSolutionNode = FALSE
	EndGlobalSection
	GlobalSection(ExtensibilityGlobals) = postSolution
		SolutionGuid = {EE6A5573-F877-45FF-8E6A-2061DDA35427}
	EndGlobalSection
EndGlobal
