
Microsoft Visual Studio Solution File, Format Version 12.00
# Visual Studio Version 17
VisualStudioVersion = 17.9.34728.123
MinimumVisualStudioVersion = 10.0.40219.1
Project("{FAE04EC0-301F-11D3-BF4B-00C04F79EFBC}") = "Api.Certification.Controller", "Api.Certification.Issuer\Api.Certification.Controller.csproj", "{1B206353-2AD8-447C-8FED-6BCD72D6E7A8}"
EndProject
Project("{FAE04EC0-301F-11D3-BF4B-00C04F79EFBC}") = "Api.Certification.AppDomain", "Api.Certification.AppDomain\Api.Certification.AppDomain.csproj", "{662BF67A-4600-4BD6-9732-A79C280B8DDC}"
EndProject
Project("{FAE04EC0-301F-11D3-BF4B-00C04F79EFBC}") = "Api.Certification.Infra", "Api.Certification.Infra\Api.Certification.Infra.csproj", "{BA6137FC-83B5-4FF6-A6F7-4642F9DF019F}"
EndProject
Global
	GlobalSection(SolutionConfigurationPlatforms) = preSolution
		Debug|Any CPU = Debug|Any CPU
		Release|Any CPU = Release|Any CPU
	EndGlobalSection
	GlobalSection(ProjectConfigurationPlatforms) = postSolution
		{1B206353-2AD8-447C-8FED-6BCD72D6E7A8}.Debug|Any CPU.ActiveCfg = Debug|Any CPU
		{1B206353-2AD8-447C-8FED-6BCD72D6E7A8}.Debug|Any CPU.Build.0 = Debug|Any CPU
		{1B206353-2AD8-447C-8FED-6BCD72D6E7A8}.Release|Any CPU.ActiveCfg = Release|Any CPU
		{1B206353-2AD8-447C-8FED-6BCD72D6E7A8}.Release|Any CPU.Build.0 = Release|Any CPU
		{662BF67A-4600-4BD6-9732-A79C280B8DDC}.Debug|Any CPU.ActiveCfg = Debug|Any CPU
		{662BF67A-4600-4BD6-9732-A79C280B8DDC}.Debug|Any CPU.Build.0 = Debug|Any CPU
		{662BF67A-4600-4BD6-9732-A79C280B8DDC}.Release|Any CPU.ActiveCfg = Release|Any CPU
		{662BF67A-4600-4BD6-9732-A79C280B8DDC}.Release|Any CPU.Build.0 = Release|Any CPU
		{BA6137FC-83B5-4FF6-A6F7-4642F9DF019F}.Debug|Any CPU.ActiveCfg = Debug|Any CPU
		{BA6137FC-83B5-4FF6-A6F7-4642F9DF019F}.Debug|Any CPU.Build.0 = Debug|Any CPU
		{BA6137FC-83B5-4FF6-A6F7-4642F9DF019F}.Release|Any CPU.ActiveCfg = Release|Any CPU
		{BA6137FC-83B5-4FF6-A6F7-4642F9DF019F}.Release|Any CPU.Build.0 = Release|Any CPU
	EndGlobalSection
	GlobalSection(SolutionProperties) = preSolution
		HideSolutionNode = FALSE
	EndGlobalSection
	GlobalSection(ExtensibilityGlobals) = postSolution
		SolutionGuid = {D067A4E7-59BB-42F7-890C-091798A28EF6}
	EndGlobalSection
EndGlobal
